// !$*UTF8*$!
{
	archiveVersion = 1;
	classes = {
	};
	objectVersion = 55;
	objects = {

/* Begin PBXBuildFile section */
		F33283582905A66B00973178 /* ErrorHeaderView.swift in Sources */ = {isa = PBXBuildFile; fileRef = F33283572905A66B00973178 /* ErrorHeaderView.swift */; };
		F3CAFB242903E47E00DB79DB /* AppDelegate.swift in Sources */ = {isa = PBXBuildFile; fileRef = F3CAFB232903E47E00DB79DB /* AppDelegate.swift */; };
		F3CAFB262903E47E00DB79DB /* SceneDelegate.swift in Sources */ = {isa = PBXBuildFile; fileRef = F3CAFB252903E47E00DB79DB /* SceneDelegate.swift */; };
		F3CAFB2D2903E47F00DB79DB /* Assets.xcassets in Resources */ = {isa = PBXBuildFile; fileRef = F3CAFB2C2903E47F00DB79DB /* Assets.xcassets */; };
		F3CAFB302903E47F00DB79DB /* LaunchScreen.storyboard in Resources */ = {isa = PBXBuildFile; fileRef = F3CAFB2E2903E47F00DB79DB /* LaunchScreen.storyboard */; };
		F3CAFB382903E73800DB79DB /* EmployeesViewController.swift in Sources */ = {isa = PBXBuildFile; fileRef = F3CAFB372903E73700DB79DB /* EmployeesViewController.swift */; };
		F3CAFB3A2903E77D00DB79DB /* EmployeesViewModel.swift in Sources */ = {isa = PBXBuildFile; fileRef = F3CAFB392903E77C00DB79DB /* EmployeesViewModel.swift */; };
		F3CAFB3C2903E7A600DB79DB /* EmployeesService.swift in Sources */ = {isa = PBXBuildFile; fileRef = F3CAFB3B2903E7A600DB79DB /* EmployeesService.swift */; };
		F3CAFB3E2903EB8000DB79DB /* NetworkMonitor.swift in Sources */ = {isa = PBXBuildFile; fileRef = F3CAFB3D2903EB8000DB79DB /* NetworkMonitor.swift */; };
		F3CAFB402903EBCE00DB79DB /* EmployeeTableViewCell.swift in Sources */ = {isa = PBXBuildFile; fileRef = F3CAFB3F2903EBCE00DB79DB /* EmployeeTableViewCell.swift */; };
		F3CAFB422904452B00DB79DB /* Models.swift in Sources */ = {isa = PBXBuildFile; fileRef = F3CAFB412904452B00DB79DB /* Models.swift */; };
		F3CAFB442904496400DB79DB /* Loadable.swift in Sources */ = {isa = PBXBuildFile; fileRef = F3CAFB432904496400DB79DB /* Loadable.swift */; };
		F3CAFB4829046A1400DB79DB /* APICall.swift in Sources */ = {isa = PBXBuildFile; fileRef = F3CAFB4729046A1400DB79DB /* APICall.swift */; };
		F3CAFB4A2905253A00DB79DB /* ConfigurableCell.swift in Sources */ = {isa = PBXBuildFile; fileRef = F3CAFB492905253900DB79DB /* ConfigurableCell.swift */; };
/* End PBXBuildFile section */

/* Begin PBXFileReference section */
		F33283572905A66B00973178 /* ErrorHeaderView.swift */ = {isa = PBXFileReference; lastKnownFileType = sourcecode.swift; path = ErrorHeaderView.swift; sourceTree = "<group>"; };
		F3CAFB202903E47E00DB79DB /* InternTestTask.app */ = {isa = PBXFileReference; explicitFileType = wrapper.application; includeInIndex = 0; path = InternTestTask.app; sourceTree = BUILT_PRODUCTS_DIR; };
		F3CAFB232903E47E00DB79DB /* AppDelegate.swift */ = {isa = PBXFileReference; lastKnownFileType = sourcecode.swift; path = AppDelegate.swift; sourceTree = "<group>"; };
		F3CAFB252903E47E00DB79DB /* SceneDelegate.swift */ = {isa = PBXFileReference; lastKnownFileType = sourcecode.swift; path = SceneDelegate.swift; sourceTree = "<group>"; };
		F3CAFB2C2903E47F00DB79DB /* Assets.xcassets */ = {isa = PBXFileReference; lastKnownFileType = folder.assetcatalog; path = Assets.xcassets; sourceTree = "<group>"; };
		F3CAFB2F2903E47F00DB79DB /* Base */ = {isa = PBXFileReference; lastKnownFileType = file.storyboard; name = Base; path = Base.lproj/LaunchScreen.storyboard; sourceTree = "<group>"; };
		F3CAFB312903E47F00DB79DB /* Info.plist */ = {isa = PBXFileReference; lastKnownFileType = text.plist.xml; path = Info.plist; sourceTree = "<group>"; };
		F3CAFB372903E73700DB79DB /* EmployeesViewController.swift */ = {isa = PBXFileReference; lastKnownFileType = sourcecode.swift; path = EmployeesViewController.swift; sourceTree = "<group>"; };
		F3CAFB392903E77C00DB79DB /* EmployeesViewModel.swift */ = {isa = PBXFileReference; lastKnownFileType = sourcecode.swift; path = EmployeesViewModel.swift; sourceTree = "<group>"; };
		F3CAFB3B2903E7A600DB79DB /* EmployeesService.swift */ = {isa = PBXFileReference; lastKnownFileType = sourcecode.swift; path = EmployeesService.swift; sourceTree = "<group>"; };
		F3CAFB3D2903EB8000DB79DB /* NetworkMonitor.swift */ = {isa = PBXFileReference; lastKnownFileType = sourcecode.swift; path = NetworkMonitor.swift; sourceTree = "<group>"; };
		F3CAFB3F2903EBCE00DB79DB /* EmployeeTableViewCell.swift */ = {isa = PBXFileReference; lastKnownFileType = sourcecode.swift; path = EmployeeTableViewCell.swift; sourceTree = "<group>"; };
		F3CAFB412904452B00DB79DB /* Models.swift */ = {isa = PBXFileReference; lastKnownFileType = sourcecode.swift; path = Models.swift; sourceTree = "<group>"; };
		F3CAFB432904496400DB79DB /* Loadable.swift */ = {isa = PBXFileReference; lastKnownFileType = sourcecode.swift; path = Loadable.swift; sourceTree = "<group>"; };
		F3CAFB4729046A1400DB79DB /* APICall.swift */ = {isa = PBXFileReference; lastKnownFileType = sourcecode.swift; path = APICall.swift; sourceTree = "<group>"; };
		F3CAFB492905253900DB79DB /* ConfigurableCell.swift */ = {isa = PBXFileReference; lastKnownFileType = sourcecode.swift; path = ConfigurableCell.swift; sourceTree = "<group>"; };
/* End PBXFileReference section */

/* Begin PBXFrameworksBuildPhase section */
		F3CAFB1D2903E47E00DB79DB /* Frameworks */ = {
			isa = PBXFrameworksBuildPhase;
			buildActionMask = 2147483647;
			files = (
			);
			runOnlyForDeploymentPostprocessing = 0;
		};
/* End PBXFrameworksBuildPhase section */

/* Begin PBXGroup section */
		F3CAFB172903E47E00DB79DB = {
			isa = PBXGroup;
			children = (
				F3CAFB222903E47E00DB79DB /* InternTestTask */,
				F3CAFB212903E47E00DB79DB /* Products */,
			);
			sourceTree = "<group>";
		};
		F3CAFB212903E47E00DB79DB /* Products */ = {
			isa = PBXGroup;
			children = (
				F3CAFB202903E47E00DB79DB /* InternTestTask.app */,
			);
			name = Products;
			sourceTree = "<group>";
		};
		F3CAFB222903E47E00DB79DB /* InternTestTask */ = {
			isa = PBXGroup;
			children = (
				F3CAFB232903E47E00DB79DB /* AppDelegate.swift */,
				F3CAFB252903E47E00DB79DB /* SceneDelegate.swift */,
				F3CAFB372903E73700DB79DB /* EmployeesViewController.swift */,
				F3CAFB392903E77C00DB79DB /* EmployeesViewModel.swift */,
				F3CAFB3B2903E7A600DB79DB /* EmployeesService.swift */,
				F3CAFB3F2903EBCE00DB79DB /* EmployeeTableViewCell.swift */,
				F3CAFB3D2903EB8000DB79DB /* NetworkMonitor.swift */,
				F3CAFB2C2903E47F00DB79DB /* Assets.xcassets */,
				F3CAFB2E2903E47F00DB79DB /* LaunchScreen.storyboard */,
				F3CAFB312903E47F00DB79DB /* Info.plist */,
				F3CAFB412904452B00DB79DB /* Models.swift */,
				F3CAFB432904496400DB79DB /* Loadable.swift */,
				F3CAFB4729046A1400DB79DB /* APICall.swift */,
				F3CAFB492905253900DB79DB /* ConfigurableCell.swift */,
				F33283572905A66B00973178 /* ErrorHeaderView.swift */,
			);
			path = InternTestTask;
			sourceTree = "<group>";
		};
/* End PBXGroup section */

/* Begin PBXNativeTarget section */
		F3CAFB1F2903E47E00DB79DB /* InternTestTask */ = {
			isa = PBXNativeTarget;
			buildConfigurationList = F3CAFB342903E47F00DB79DB /* Build configuration list for PBXNativeTarget "InternTestTask" */;
			buildPhases = (
				F3CAFB1C2903E47E00DB79DB /* Sources */,
				F3CAFB1D2903E47E00DB79DB /* Frameworks */,
				F3CAFB1E2903E47E00DB79DB /* Resources */,
			);
			buildRules = (
			);
			dependencies = (
			);
			name = InternTestTask;
			productName = InternTestTask;
			productReference = F3CAFB202903E47E00DB79DB /* InternTestTask.app */;
			productType = "com.apple.product-type.application";
		};
/* End PBXNativeTarget section */

/* Begin PBXProject section */
		F3CAFB182903E47E00DB79DB /* Project object */ = {
			isa = PBXProject;
			attributes = {
				BuildIndependentTargetsInParallel = 1;
				LastSwiftUpdateCheck = 1340;
				LastUpgradeCheck = 1340;
				TargetAttributes = {
					F3CAFB1F2903E47E00DB79DB = {
						CreatedOnToolsVersion = 13.4.1;
					};
				};
			};
			buildConfigurationList = F3CAFB1B2903E47E00DB79DB /* Build configuration list for PBXProject "InternTestTask" */;
			compatibilityVersion = "Xcode 13.0";
			developmentRegion = en;
			hasScannedForEncodings = 0;
			knownRegions = (
				en,
				Base,
			);
			mainGroup = F3CAFB172903E47E00DB79DB;
			productRefGroup = F3CAFB212903E47E00DB79DB /* Products */;
			projectDirPath = "";
			projectRoot = "";
			targets = (
				F3CAFB1F2903E47E00DB79DB /* InternTestTask */,
			);
		};
/* End PBXProject section */

/* Begin PBXResourcesBuildPhase section */
		F3CAFB1E2903E47E00DB79DB /* Resources */ = {
			isa = PBXResourcesBuildPhase;
			buildActionMask = 2147483647;
			files = (
				F3CAFB302903E47F00DB79DB /* LaunchScreen.storyboard in Resources */,
				F3CAFB2D2903E47F00DB79DB /* Assets.xcassets in Resources */,
			);
			runOnlyForDeploymentPostprocessing = 0;
		};
/* End PBXResourcesBuildPhase section */

/* Begin PBXSourcesBuildPhase section */
		F3CAFB1C2903E47E00DB79DB /* Sources */ = {
			isa = PBXSourcesBuildPhase;
			buildActionMask = 2147483647;
			files = (
				F3CAFB3E2903EB8000DB79DB /* NetworkMonitor.swift in Sources */,
				F3CAFB402903EBCE00DB79DB /* EmployeeTableViewCell.swift in Sources */,
				F33283582905A66B00973178 /* ErrorHeaderView.swift in Sources */,
				F3CAFB442904496400DB79DB /* Loadable.swift in Sources */,
				F3CAFB4829046A1400DB79DB /* APICall.swift in Sources */,
				F3CAFB242903E47E00DB79DB /* AppDelegate.swift in Sources */,
				F3CAFB422904452B00DB79DB /* Models.swift in Sources */,
				F3CAFB382903E73800DB79DB /* EmployeesViewController.swift in Sources */,
				F3CAFB3C2903E7A600DB79DB /* EmployeesService.swift in Sources */,
				F3CAFB3A2903E77D00DB79DB /* EmployeesViewModel.swift in Sources */,
				F3CAFB262903E47E00DB79DB /* SceneDelegate.swift in Sources */,
				F3CAFB4A2905253A00DB79DB /* ConfigurableCell.swift in Sources */,
			);
			runOnlyForDeploymentPostprocessing = 0;
		};
/* End PBXSourcesBuildPhase section */

/* Begin PBXVariantGroup section */
		F3CAFB2E2903E47F00DB79DB /* LaunchScreen.storyboard */ = {
			isa = PBXVariantGroup;
			children = (
				F3CAFB2F2903E47F00DB79DB /* Base */,
			);
			name = LaunchScreen.storyboard;
			sourceTree = "<group>";
		};
/* End PBXVariantGroup section */

/* Begin XCBuildConfiguration section */
		F3CAFB322903E47F00DB79DB /* Debug */ = {
			isa = XCBuildConfiguration;
			buildSettings = {
				ALWAYS_SEARCH_USER_PATHS = NO;
				CLANG_ANALYZER_NONNULL = YES;
				CLANG_ANALYZER_NUMBER_OBJECT_CONVERSION = YES_AGGRESSIVE;
				CLANG_CXX_LANGUAGE_STANDARD = "gnu++17";
				CLANG_ENABLE_MODULES = YES;
				CLANG_ENABLE_OBJC_ARC = YES;
				CLANG_ENABLE_OBJC_WEAK = YES;
				CLANG_WARN_BLOCK_CAPTURE_AUTORELEASING = YES;
				CLANG_WARN_BOOL_CONVERSION = YES;
				CLANG_WARN_COMMA = YES;
				CLANG_WARN_CONSTANT_CONVERSION = YES;
				CLANG_WARN_DEPRECATED_OBJC_IMPLEMENTATIONS = YES;
				CLANG_WARN_DIRECT_OBJC_ISA_USAGE = YES_ERROR;
				CLANG_WARN_DOCUMENTATION_COMMENTS = YES;
				CLANG_WARN_EMPTY_BODY = YES;
				CLANG_WARN_ENUM_CONVERSION = YES;
				CLANG_WARN_INFINITE_RECURSION = YES;
				CLANG_WARN_INT_CONVERSION = YES;
				CLANG_WARN_NON_LITERAL_NULL_CONVERSION = YES;
				CLANG_WARN_OBJC_IMPLICIT_RETAIN_SELF = YES;
				CLANG_WARN_OBJC_LITERAL_CONVERSION = YES;
				CLANG_WARN_OBJC_ROOT_CLASS = YES_ERROR;
				CLANG_WARN_QUOTED_INCLUDE_IN_FRAMEWORK_HEADER = YES;
				CLANG_WARN_RANGE_LOOP_ANALYSIS = YES;
				CLANG_WARN_STRICT_PROTOTYPES = YES;
				CLANG_WARN_SUSPICIOUS_MOVE = YES;
				CLANG_WARN_UNGUARDED_AVAILABILITY = YES_AGGRESSIVE;
				CLANG_WARN_UNREACHABLE_CODE = YES;
				CLANG_WARN__DUPLICATE_METHOD_MATCH = YES;
				COPY_PHASE_STRIP = NO;
				DEBUG_INFORMATION_FORMAT = dwarf;
				ENABLE_STRICT_OBJC_MSGSEND = YES;
				ENABLE_TESTABILITY = YES;
				GCC_C_LANGUAGE_STANDARD = gnu11;
				GCC_DYNAMIC_NO_PIC = NO;
				GCC_NO_COMMON_BLOCKS = YES;
				GCC_OPTIMIZATION_LEVEL = 0;
				GCC_PREPROCESSOR_DEFINITIONS = (
					"DEBUG=1",
					"$(inherited)",
				);
				GCC_WARN_64_TO_32_BIT_CONVERSION = YES;
				GCC_WARN_ABOUT_RETURN_TYPE = YES_ERROR;
				GCC_WARN_UNDECLARED_SELECTOR = YES;
				GCC_WARN_UNINITIALIZED_AUTOS = YES_AGGRESSIVE;
				GCC_WARN_UNUSED_FUNCTION = YES;
				GCC_WARN_UNUSED_VARIABLE = YES;
				IPHONEOS_DEPLOYMENT_TARGET = 15.5;
				MTL_ENABLE_DEBUG_INFO = INCLUDE_SOURCE;
				MTL_FAST_MATH = YES;
				ONLY_ACTIVE_ARCH = YES;
				SDKROOT = iphoneos;
				SWIFT_ACTIVE_COMPILATION_CONDITIONS = DEBUG;
				SWIFT_OPTIMIZATION_LEVEL = "-Onone";
			};
			name = Debug;
		};
		F3CAFB332903E47F00DB79DB /* Release */ = {
			isa = XCBuildConfiguration;
			buildSettings = {
				ALWAYS_SEARCH_USER_PATHS = NO;
				CLANG_ANALYZER_NONNULL = YES;
				CLANG_ANALYZER_NUMBER_OBJECT_CONVERSION = YES_AGGRESSIVE;
				CLANG_CXX_LANGUAGE_STANDARD = "gnu++17";
				CLANG_ENABLE_MODULES = YES;
				CLANG_ENABLE_OBJC_ARC = YES;
				CLANG_ENABLE_OBJC_WEAK = YES;
				CLANG_WARN_BLOCK_CAPTURE_AUTORELEASING = YES;
				CLANG_WARN_BOOL_CONVERSION = YES;
				CLANG_WARN_COMMA = YES;
				CLANG_WARN_CONSTANT_CONVERSION = YES;
				CLANG_WARN_DEPRECATED_OBJC_IMPLEMENTATIONS = YES;
				CLANG_WARN_DIRECT_OBJC_ISA_USAGE = YES_ERROR;
				CLANG_WARN_DOCUMENTATION_COMMENTS = YES;
				CLANG_WARN_EMPTY_BODY = YES;
				CLANG_WARN_ENUM_CONVERSION = YES;
				CLANG_WARN_INFINITE_RECURSION = YES;
				CLANG_WARN_INT_CONVERSION = YES;
				CLANG_WARN_NON_LITERAL_NULL_CONVERSION = YES;
				CLANG_WARN_OBJC_IMPLICIT_RETAIN_SELF = YES;
				CLANG_WARN_OBJC_LITERAL_CONVERSION = YES;
				CLANG_WARN_OBJC_ROOT_CLASS = YES_ERROR;
				CLANG_WARN_QUOTED_INCLUDE_IN_FRAMEWORK_HEADER = YES;
				CLANG_WARN_RANGE_LOOP_ANALYSIS = YES;
				CLANG_WARN_STRICT_PROTOTYPES = YES;
				CLANG_WARN_SUSPICIOUS_MOVE = YES;
				CLANG_WARN_UNGUARDED_AVAILABILITY = YES_AGGRESSIVE;
				CLANG_WARN_UNREACHABLE_CODE = YES;
				CLANG_WARN__DUPLICATE_METHOD_MATCH = YES;
				COPY_PHASE_STRIP = NO;
				DEBUG_INFORMATION_FORMAT = "dwarf-with-dsym";
				ENABLE_NS_ASSERTIONS = NO;
				ENABLE_STRICT_OBJC_MSGSEND = YES;
				GCC_C_LANGUAGE_STANDARD = gnu11;
				GCC_NO_COMMON_BLOCKS = YES;
				GCC_WARN_64_TO_32_BIT_CONVERSION = YES;
				GCC_WARN_ABOUT_RETURN_TYPE = YES_ERROR;
				GCC_WARN_UNDECLARED_SELECTOR = YES;
				GCC_WARN_UNINITIALIZED_AUTOS = YES_AGGRESSIVE;
				GCC_WARN_UNUSED_FUNCTION = YES;
				GCC_WARN_UNUSED_VARIABLE = YES;
				IPHONEOS_DEPLOYMENT_TARGET = 15.5;
				MTL_ENABLE_DEBUG_INFO = NO;
				MTL_FAST_MATH = YES;
				SDKROOT = iphoneos;
				SWIFT_COMPILATION_MODE = wholemodule;
				SWIFT_OPTIMIZATION_LEVEL = "-O";
				VALIDATE_PRODUCT = YES;
			};
			name = Release;
		};
		F3CAFB352903E47F00DB79DB /* Debug */ = {
			isa = XCBuildConfiguration;
			buildSettings = {
				ASSETCATALOG_COMPILER_APPICON_NAME = AppIcon;
				ASSETCATALOG_COMPILER_GLOBAL_ACCENT_COLOR_NAME = AccentColor;
				CODE_SIGN_STYLE = Automatic;
				CURRENT_PROJECT_VERSION = 1;
				GENERATE_INFOPLIST_FILE = YES;
				INFOPLIST_FILE = InternTestTask/Info.plist;
				INFOPLIST_KEY_UIApplicationSupportsIndirectInputEvents = YES;
				INFOPLIST_KEY_UILaunchStoryboardName = LaunchScreen;
				INFOPLIST_KEY_UISupportedInterfaceOrientations_iPad = "UIInterfaceOrientationPortrait UIInterfaceOrientationPortraitUpsideDown UIInterfaceOrientationLandscapeLeft UIInterfaceOrientationLandscapeRight";
				INFOPLIST_KEY_UISupportedInterfaceOrientations_iPhone = "UIInterfaceOrientationPortrait UIInterfaceOrientationLandscapeLeft UIInterfaceOrientationLandscapeRight";
				LD_RUNPATH_SEARCH_PATHS = (
					"$(inherited)",
					"@executable_path/Frameworks",
				);
				MARKETING_VERSION = 1.0;
				PRODUCT_BUNDLE_IDENTIFIER = SS.InternTestTask;
				PRODUCT_NAME = "$(TARGET_NAME)";
				SWIFT_EMIT_LOC_STRINGS = YES;
				SWIFT_VERSION = 5.0;
				TARGETED_DEVICE_FAMILY = "1,2";
			};
			name = Debug;
		};
		F3CAFB362903E47F00DB79DB /* Release */ = {
			isa = XCBuildConfiguration;
			buildSettings = {
				ASSETCATALOG_COMPILER_APPICON_NAME = AppIcon;
				ASSETCATALOG_COMPILER_GLOBAL_ACCENT_COLOR_NAME = AccentColor;
				CODE_SIGN_STYLE = Automatic;
				CURRENT_PROJECT_VERSION = 1;
				GENERATE_INFOPLIST_FILE = YES;
				INFOPLIST_FILE = InternTestTask/Info.plist;
				INFOPLIST_KEY_UIApplicationSupportsIndirectInputEvents = YES;
				INFOPLIST_KEY_UILaunchStoryboardName = LaunchScreen;
				INFOPLIST_KEY_UISupportedInterfaceOrientations_iPad = "UIInterfaceOrientationPortrait UIInterfaceOrientationPortraitUpsideDown UIInterfaceOrientationLandscapeLeft UIInterfaceOrientationLandscapeRight";
				INFOPLIST_KEY_UISupportedInterfaceOrientations_iPhone = "UIInterfaceOrientationPortrait UIInterfaceOrientationLandscapeLeft UIInterfaceOrientationLandscapeRight";
				LD_RUNPATH_SEARCH_PATHS = (
					"$(inherited)",
					"@executable_path/Frameworks",
				);
				MARKETING_VERSION = 1.0;
				PRODUCT_BUNDLE_IDENTIFIER = SS.InternTestTask;
				PRODUCT_NAME = "$(TARGET_NAME)";
				SWIFT_EMIT_LOC_STRINGS = YES;
				SWIFT_VERSION = 5.0;
				TARGETED_DEVICE_FAMILY = "1,2";
			};
			name = Release;
		};
/* End XCBuildConfiguration section */

/* Begin XCConfigurationList section */
		F3CAFB1B2903E47E00DB79DB /* Build configuration list for PBXProject "InternTestTask" */ = {
			isa = XCConfigurationList;
			buildConfigurations = (
				F3CAFB322903E47F00DB79DB /* Debug */,
				F3CAFB332903E47F00DB79DB /* Release */,
			);
			defaultConfigurationIsVisible = 0;
			defaultConfigurationName = Release;
		};
		F3CAFB342903E47F00DB79DB /* Build configuration list for PBXNativeTarget "InternTestTask" */ = {
			isa = XCConfigurationList;
			buildConfigurations = (
				F3CAFB352903E47F00DB79DB /* Debug */,
				F3CAFB362903E47F00DB79DB /* Release */,
			);
			defaultConfigurationIsVisible = 0;
			defaultConfigurationName = Release;
		};
/* End XCConfigurationList section */
	};
	rootObject = F3CAFB182903E47E00DB79DB /* Project object */;
}
